{
  "requires": true,
  "lockfileVersion": 1,
  "dependencies": {
    "fullpage.js": {
      "version": "3.0.8",
      "resolved": "https://registry.npmjs.org/fullpage.js/-/fullpage.js-3.0.8.tgz",
      "integrity": "sha512-r4B/MNuxylgzSlY+w4klD0lYYlmzEy7doDvurupAuO1ObKBgu9EB5GPuoeJTP7t/njFlzAM/Wu/I+FL3WvudCw=="
    },
    "jquery": {
      "version": "3.4.1",
      "resolved": "https://registry.npmjs.org/jquery/-/jquery-3.4.1.tgz",
      "integrity": "sha512-36+AdBzCL+y6qjw5Tx7HgzeGCzC81MDDgaUP8ld2zhx58HdqXGoBd+tHdrBMiyjGQs0Hxs/MLZTu/eHNJJuWPw=="
    }
  }
}
